PODS:
  - MJExtension (3.0.9)
  - MJRefresh (3.1.0)
  - SDWebImage (3.7.4):
    - SDWebImage/Core (= 3.7.4)
  - SDWebImage/Core (3.7.4)

DEPENDENCIES:
  - MJExtension
  - MJRefresh
  - SDWebImage

SPEC CHECKSUMS:
  MJExtension: 116781b18cb25cee39619e16617f62bb7433ea4e
  MJRefresh: 743e6404967d1c2c688472ea3ecfde247d872db4
  SDWebImage: 247edd7dd80dd6124197b0d6a17846fe9d1df968

COCOAPODS: 0.39.0
